
Microsoft Visual Studio Solution File, Format Version 12.00
# Visual Studio Version 16
VisualStudioVersion = 16.0.30114.105
MinimumVisualStudioVersion = 10.0.40219.1
Project("{9A19103F-16F7-4668-BE54-9A1E7A4F7556}") = "SampleAPI", "src\SampleAPI.csproj", "{4E8F3503-D51D-49A8-B978-FEBD7C8A67BD}"
EndProject
Project("{9A19103F-16F7-4668-BE54-9A1E7A4F7556}") = "tests", "tests\tests.csproj", "{37B9F3FD-3F98-464D-A5BA-4A746AA0C444}"
EndProject
Global
	GlobalSection(SolutionConfigurationPlatforms) = preSolution
		Debug|Any CPU = Debug|Any CPU
		Debug|x64 = Debug|x64
		Debug|x86 = Debug|x86
		Release|Any CPU = Release|Any CPU
		Release|x64 = Release|x64
		Release|x86 = Release|x86
	EndGlobalSection
	GlobalSection(ProjectConfigurationPlatforms) = postSolution
		{4E8F3503-D51D-49A8-B978-FEBD7C8A67BD}.Debug|Any CPU.ActiveCfg = Debug|Any CPU
		{4E8F3503-D51D-49A8-B978-FEBD7C8A67BD}.Debug|Any CPU.Build.0 = Debug|Any CPU
		{4E8F3503-D51D-49A8-B978-FEBD7C8A67BD}.Debug|x64.ActiveCfg = Debug|Any CPU
		{4E8F3503-D51D-49A8-B978-FEBD7C8A67BD}.Debug|x64.Build.0 = Debug|Any CPU
		{4E8F3503-D51D-49A8-B978-FEBD7C8A67BD}.Debug|x86.ActiveCfg = Debug|Any CPU
		{4E8F3503-D51D-49A8-B978-FEBD7C8A67BD}.Debug|x86.Build.0 = Debug|Any CPU
		{4E8F3503-D51D-49A8-B978-FEBD7C8A67BD}.Release|Any CPU.ActiveCfg = Release|Any CPU
		{4E8F3503-D51D-49A8-B978-FEBD7C8A67BD}.Release|Any CPU.Build.0 = Release|Any CPU
		{4E8F3503-D51D-49A8-B978-FEBD7C8A67BD}.Release|x64.ActiveCfg = Release|Any CPU
		{4E8F3503-D51D-49A8-B978-FEBD7C8A67BD}.Release|x64.Build.0 = Release|Any CPU
		{4E8F3503-D51D-49A8-B978-FEBD7C8A67BD}.Release|x86.ActiveCfg = Release|Any CPU
		{4E8F3503-D51D-49A8-B978-FEBD7C8A67BD}.Release|x86.Build.0 = Release|Any CPU
		{37B9F3FD-3F98-464D-A5BA-4A746AA0C444}.Debug|Any CPU.ActiveCfg = Debug|Any CPU
		{37B9F3FD-3F98-464D-A5BA-4A746AA0C444}.Debug|Any CPU.Build.0 = Debug|Any CPU
		{37B9F3FD-3F98-464D-A5BA-4A746AA0C444}.Debug|x64.ActiveCfg = Debug|Any CPU
		{37B9F3FD-3F98-464D-A5BA-4A746AA0C444}.Debug|x64.Build.0 = Debug|Any CPU
		{37B9F3FD-3F98-464D-A5BA-4A746AA0C444}.Debug|x86.ActiveCfg = Debug|Any CPU
		{37B9F3FD-3F98-464D-A5BA-4A746AA0C444}.Debug|x86.Build.0 = Debug|Any CPU
		{37B9F3FD-3F98-464D-A5BA-4A746AA0C444}.Release|Any CPU.ActiveCfg = Release|Any CPU
		{37B9F3FD-3F98-464D-A5BA-4A746AA0C444}.Release|Any CPU.Build.0 = Release|Any CPU
		{37B9F3FD-3F98-464D-A5BA-4A746AA0C444}.Release|x64.ActiveCfg = Release|Any CPU
		{37B9F3FD-3F98-464D-A5BA-4A746AA0C444}.Release|x64.Build.0 = Release|Any CPU
		{37B9F3FD-3F98-464D-A5BA-4A746AA0C444}.Release|x86.ActiveCfg = Release|Any CPU
		{37B9F3FD-3F98-464D-A5BA-4A746AA0C444}.Release|x86.Build.0 = Release|Any CPU
	EndGlobalSection
	GlobalSection(SolutionProperties) = preSolution
		HideSolutionNode = FALSE
	EndGlobalSection
	GlobalSection(ExtensibilityGlobals) = postSolution
		SolutionGuid = {BC397B4D-084E-4AB1-810F-09EFDA9DD9DD}
	EndGlobalSection
EndGlobal
